
Microsoft Visual Studio Solution File, Format Version 12.00
# Visual Studio Version 16
VisualStudioVersion = 25.0.1704.2
MinimumVisualStudioVersion = 10.0.40219.1
Project("{FAE04EC0-301F-11D3-BF4B-00C04F79EFBC}") = "Hermod", "Hermod\Hermod.csproj", "{605C7E11-6139-4DF4-86AD-A35CCFA382A5}"
EndProject
Project("{FAE04EC0-301F-11D3-BF4B-00C04F79EFBC}") = "Hermod.Config", "Hermod.Config\Hermod.Config.csproj", "{56ECAF4F-EA3B-4D73-B08B-C83563EE0D82}"
EndProject
Project("{FAE04EC0-301F-11D3-BF4B-00C04F79EFBC}") = "Hermod.Core", "Hermod.Core\Hermod.Core.csproj", "{827063BB-30B3-438D-BC23-6997A2684AF4}"
EndProject
Project("{FAE04EC0-301F-11D3-BF4B-00C04F79EFBC}") = "Hermod.Config.Tests", "Hermod.Config.Tests\Hermod.Config.Tests.csproj", "{1D308349-5416-41DB-8336-54390B579EAF}"
EndProject
Global
	GlobalSection(SolutionConfigurationPlatforms) = preSolution
		Debug|Any CPU = Debug|Any CPU
		Release|Any CPU = Release|Any CPU
	EndGlobalSection
	GlobalSection(ProjectConfigurationPlatforms) = postSolution
		{605C7E11-6139-4DF4-86AD-A35CCFA382A5}.Debug|Any CPU.ActiveCfg = Debug|Any CPU
		{605C7E11-6139-4DF4-86AD-A35CCFA382A5}.Debug|Any CPU.Build.0 = Debug|Any CPU
		{605C7E11-6139-4DF4-86AD-A35CCFA382A5}.Release|Any CPU.ActiveCfg = Release|Any CPU
		{605C7E11-6139-4DF4-86AD-A35CCFA382A5}.Release|Any CPU.Build.0 = Release|Any CPU
		{56ECAF4F-EA3B-4D73-B08B-C83563EE0D82}.Debug|Any CPU.ActiveCfg = Debug|Any CPU
		{56ECAF4F-EA3B-4D73-B08B-C83563EE0D82}.Debug|Any CPU.Build.0 = Debug|Any CPU
		{56ECAF4F-EA3B-4D73-B08B-C83563EE0D82}.Release|Any CPU.ActiveCfg = Release|Any CPU
		{56ECAF4F-EA3B-4D73-B08B-C83563EE0D82}.Release|Any CPU.Build.0 = Release|Any CPU
		{827063BB-30B3-438D-BC23-6997A2684AF4}.Debug|Any CPU.ActiveCfg = Debug|Any CPU
		{827063BB-30B3-438D-BC23-6997A2684AF4}.Debug|Any CPU.Build.0 = Debug|Any CPU
		{827063BB-30B3-438D-BC23-6997A2684AF4}.Release|Any CPU.ActiveCfg = Release|Any CPU
		{827063BB-30B3-438D-BC23-6997A2684AF4}.Release|Any CPU.Build.0 = Release|Any CPU
		{1D308349-5416-41DB-8336-54390B579EAF}.Debug|Any CPU.ActiveCfg = Debug|Any CPU
		{1D308349-5416-41DB-8336-54390B579EAF}.Debug|Any CPU.Build.0 = Debug|Any CPU
		{1D308349-5416-41DB-8336-54390B579EAF}.Release|Any CPU.ActiveCfg = Release|Any CPU
		{1D308349-5416-41DB-8336-54390B579EAF}.Release|Any CPU.Build.0 = Release|Any CPU
	EndGlobalSection
	GlobalSection(SolutionProperties) = preSolution
		HideSolutionNode = FALSE
	EndGlobalSection
	GlobalSection(ExtensibilityGlobals) = postSolution
		SolutionGuid = {DF18AA6D-3312-49F5-A8CD-CD2D0ED8AA83}
	EndGlobalSection
EndGlobal
